
Microsoft Visual Studio Solution File, Format Version 12.00
# Visual Studio Version 17
VisualStudioVersion = 17.0.31903.59
MinimumVisualStudioVersion = 10.0.40219.1
Project("{FAE04EC0-301F-11D3-BF4B-00C04F79EFBC}") = "Ecommerce.Ordini.Api", "Ecommerce.Ordini.Api\Ecommerce.Ordini.Api.csproj", "{18A181C5-B2F6-4F63-9051-407C2001FAA0}"
EndProject
Project("{FAE04EC0-301F-11D3-BF4B-00C04F79EFBC}") = "Ecommerce.Ordini.Business", "Ecommerce.Ordini.Business\Ecommerce.Ordini.Business.csproj", "{5A566ABB-2EF5-4630-99D0-B8169AAD699B}"
EndProject
Project("{FAE04EC0-301F-11D3-BF4B-00C04F79EFBC}") = "Ecommerce.Ordini.ClientHttp", "Ecommerce.Ordini.ClientHttp\Ecommerce.Ordini.ClientHttp.csproj", "{66A571F1-114E-40E0-9F42-27A84A9F890F}"
EndProject
Project("{FAE04EC0-301F-11D3-BF4B-00C04F79EFBC}") = "Ecommerce.Ordini.Repository", "Ecommerce.Ordini.Repository\Ecommerce.Ordini.Repository.csproj", "{B3D46216-919B-4A5B-B141-DF2AE0C0524C}"
EndProject
Project("{FAE04EC0-301F-11D3-BF4B-00C04F79EFBC}") = "Ecommerce.Ordini.Shared", "Ecommerce.Ordini.Shared\Ecommerce.Ordini.Shared.csproj", "{7D0ECF1F-9A73-4797-AFF9-12D51A135C7B}"
EndProject
Global
	GlobalSection(SolutionConfigurationPlatforms) = preSolution
		Debug|Any CPU = Debug|Any CPU
		Debug|x64 = Debug|x64
		Debug|x86 = Debug|x86
		Release|Any CPU = Release|Any CPU
		Release|x64 = Release|x64
		Release|x86 = Release|x86
	EndGlobalSection
	GlobalSection(ProjectConfigurationPlatforms) = postSolution
		{18A181C5-B2F6-4F63-9051-407C2001FAA0}.Debug|Any CPU.ActiveCfg = Debug|Any CPU
		{18A181C5-B2F6-4F63-9051-407C2001FAA0}.Debug|Any CPU.Build.0 = Debug|Any CPU
		{18A181C5-B2F6-4F63-9051-407C2001FAA0}.Debug|x64.ActiveCfg = Debug|Any CPU
		{18A181C5-B2F6-4F63-9051-407C2001FAA0}.Debug|x64.Build.0 = Debug|Any CPU
		{18A181C5-B2F6-4F63-9051-407C2001FAA0}.Debug|x86.ActiveCfg = Debug|Any CPU
		{18A181C5-B2F6-4F63-9051-407C2001FAA0}.Debug|x86.Build.0 = Debug|Any CPU
		{18A181C5-B2F6-4F63-9051-407C2001FAA0}.Release|Any CPU.ActiveCfg = Release|Any CPU
		{18A181C5-B2F6-4F63-9051-407C2001FAA0}.Release|Any CPU.Build.0 = Release|Any CPU
		{18A181C5-B2F6-4F63-9051-407C2001FAA0}.Release|x64.ActiveCfg = Release|Any CPU
		{18A181C5-B2F6-4F63-9051-407C2001FAA0}.Release|x64.Build.0 = Release|Any CPU
		{18A181C5-B2F6-4F63-9051-407C2001FAA0}.Release|x86.ActiveCfg = Release|Any CPU
		{18A181C5-B2F6-4F63-9051-407C2001FAA0}.Release|x86.Build.0 = Release|Any CPU
		{5A566ABB-2EF5-4630-99D0-B8169AAD699B}.Debug|Any CPU.ActiveCfg = Debug|Any CPU
		{5A566ABB-2EF5-4630-99D0-B8169AAD699B}.Debug|Any CPU.Build.0 = Debug|Any CPU
		{5A566ABB-2EF5-4630-99D0-B8169AAD699B}.Debug|x64.ActiveCfg = Debug|Any CPU
		{5A566ABB-2EF5-4630-99D0-B8169AAD699B}.Debug|x64.Build.0 = Debug|Any CPU
		{5A566ABB-2EF5-4630-99D0-B8169AAD699B}.Debug|x86.ActiveCfg = Debug|Any CPU
		{5A566ABB-2EF5-4630-99D0-B8169AAD699B}.Debug|x86.Build.0 = Debug|Any CPU
		{5A566ABB-2EF5-4630-99D0-B8169AAD699B}.Release|Any CPU.ActiveCfg = Release|Any CPU
		{5A566ABB-2EF5-4630-99D0-B8169AAD699B}.Release|Any CPU.Build.0 = Release|Any CPU
		{5A566ABB-2EF5-4630-99D0-B8169AAD699B}.Release|x64.ActiveCfg = Release|Any CPU
		{5A566ABB-2EF5-4630-99D0-B8169AAD699B}.Release|x64.Build.0 = Release|Any CPU
		{5A566ABB-2EF5-4630-99D0-B8169AAD699B}.Release|x86.ActiveCfg = Release|Any CPU
		{5A566ABB-2EF5-4630-99D0-B8169AAD699B}.Release|x86.Build.0 = Release|Any CPU
		{66A571F1-114E-40E0-9F42-27A84A9F890F}.Debug|Any CPU.ActiveCfg = Debug|Any CPU
		{66A571F1-114E-40E0-9F42-27A84A9F890F}.Debug|Any CPU.Build.0 = Debug|Any CPU
		{66A571F1-114E-40E0-9F42-27A84A9F890F}.Debug|x64.ActiveCfg = Debug|Any CPU
		{66A571F1-114E-40E0-9F42-27A84A9F890F}.Debug|x64.Build.0 = Debug|Any CPU
		{66A571F1-114E-40E0-9F42-27A84A9F890F}.Debug|x86.ActiveCfg = Debug|Any CPU
		{66A571F1-114E-40E0-9F42-27A84A9F890F}.Debug|x86.Build.0 = Debug|Any CPU
		{66A571F1-114E-40E0-9F42-27A84A9F890F}.Release|Any CPU.ActiveCfg = Release|Any CPU
		{66A571F1-114E-40E0-9F42-27A84A9F890F}.Release|Any CPU.Build.0 = Release|Any CPU
		{66A571F1-114E-40E0-9F42-27A84A9F890F}.Release|x64.ActiveCfg = Release|Any CPU
		{66A571F1-114E-40E0-9F42-27A84A9F890F}.Release|x64.Build.0 = Release|Any CPU
		{66A571F1-114E-40E0-9F42-27A84A9F890F}.Release|x86.ActiveCfg = Release|Any CPU
		{66A571F1-114E-40E0-9F42-27A84A9F890F}.Release|x86.Build.0 = Release|Any CPU
		{B3D46216-919B-4A5B-B141-DF2AE0C0524C}.Debug|Any CPU.ActiveCfg = Debug|Any CPU
		{B3D46216-919B-4A5B-B141-DF2AE0C0524C}.Debug|Any CPU.Build.0 = Debug|Any CPU
		{B3D46216-919B-4A5B-B141-DF2AE0C0524C}.Debug|x64.ActiveCfg = Debug|Any CPU
		{B3D46216-919B-4A5B-B141-DF2AE0C0524C}.Debug|x64.Build.0 = Debug|Any CPU
		{B3D46216-919B-4A5B-B141-DF2AE0C0524C}.Debug|x86.ActiveCfg = Debug|Any CPU
		{B3D46216-919B-4A5B-B141-DF2AE0C0524C}.Debug|x86.Build.0 = Debug|Any CPU
		{B3D46216-919B-4A5B-B141-DF2AE0C0524C}.Release|Any CPU.ActiveCfg = Release|Any CPU
		{B3D46216-919B-4A5B-B141-DF2AE0C0524C}.Release|Any CPU.Build.0 = Release|Any CPU
		{B3D46216-919B-4A5B-B141-DF2AE0C0524C}.Release|x64.ActiveCfg = Release|Any CPU
		{B3D46216-919B-4A5B-B141-DF2AE0C0524C}.Release|x64.Build.0 = Release|Any CPU
		{B3D46216-919B-4A5B-B141-DF2AE0C0524C}.Release|x86.ActiveCfg = Release|Any CPU
		{B3D46216-919B-4A5B-B141-DF2AE0C0524C}.Release|x86.Build.0 = Release|Any CPU
		{7D0ECF1F-9A73-4797-AFF9-12D51A135C7B}.Debug|Any CPU.ActiveCfg = Debug|Any CPU
		{7D0ECF1F-9A73-4797-AFF9-12D51A135C7B}.Debug|Any CPU.Build.0 = Debug|Any CPU
		{7D0ECF1F-9A73-4797-AFF9-12D51A135C7B}.Debug|x64.ActiveCfg = Debug|Any CPU
		{7D0ECF1F-9A73-4797-AFF9-12D51A135C7B}.Debug|x64.Build.0 = Debug|Any CPU
		{7D0ECF1F-9A73-4797-AFF9-12D51A135C7B}.Debug|x86.ActiveCfg = Debug|Any CPU
		{7D0ECF1F-9A73-4797-AFF9-12D51A135C7B}.Debug|x86.Build.0 = Debug|Any CPU
		{7D0ECF1F-9A73-4797-AFF9-12D51A135C7B}.Release|Any CPU.ActiveCfg = Release|Any CPU
		{7D0ECF1F-9A73-4797-AFF9-12D51A135C7B}.Release|Any CPU.Build.0 = Release|Any CPU
		{7D0ECF1F-9A73-4797-AFF9-12D51A135C7B}.Release|x64.ActiveCfg = Release|Any CPU
		{7D0ECF1F-9A73-4797-AFF9-12D51A135C7B}.Release|x64.Build.0 = Release|Any CPU
		{7D0ECF1F-9A73-4797-AFF9-12D51A135C7B}.Release|x86.ActiveCfg = Release|Any CPU
		{7D0ECF1F-9A73-4797-AFF9-12D51A135C7B}.Release|x86.Build.0 = Release|Any CPU
	EndGlobalSection
	GlobalSection(SolutionProperties) = preSolution
		HideSolutionNode = FALSE
	EndGlobalSection
EndGlobal
